
Microsoft Visual Studio Solution File, Format Version 12.00
# Visual Studio Version 17
VisualStudioVersion = 17.4.33213.308
MinimumVisualStudioVersion = 10.0.40219.1
Project("{9A19103F-16F7-4668-BE54-9A1E7A4F7556}") = "SimpleGradeClient", "SimpleGradeClient\SimpleGradeClient.csproj", "{8ADEADE2-E495-41A7-B8EC-B8F101CB9892}"
EndProject
Project("{9A19103F-16F7-4668-BE54-9A1E7A4F7556}") = "SimpleGrade.Base", "SimpleGrade.Base\SimpleGrade.Base.csproj", "{BCE2A615-3CBB-4D0F-9A0F-39501BA99771}"
EndProject
Project("{9A19103F-16F7-4668-BE54-9A1E7A4F7556}") = "SimpleGradeApi", "SimpleGradeApi\SimpleGradeApi.csproj", "{5F51EAA5-A94F-45FF-8AC7-AF3559A19916}"
EndProject
Global
	GlobalSection(SolutionConfigurationPlatforms) = preSolution
		Debug|Any CPU = Debug|Any CPU
		Release|Any CPU = Release|Any CPU
	EndGlobalSection
	GlobalSection(ProjectConfigurationPlatforms) = postSolution
		{8ADEADE2-E495-41A7-B8EC-B8F101CB9892}.Debug|Any CPU.ActiveCfg = Debug|Any CPU
		{8ADEADE2-E495-41A7-B8EC-B8F101CB9892}.Debug|Any CPU.Build.0 = Debug|Any CPU
		{8ADEADE2-E495-41A7-B8EC-B8F101CB9892}.Release|Any CPU.ActiveCfg = Release|Any CPU
		{8ADEADE2-E495-41A7-B8EC-B8F101CB9892}.Release|Any CPU.Build.0 = Release|Any CPU
		{BCE2A615-3CBB-4D0F-9A0F-39501BA99771}.Debug|Any CPU.ActiveCfg = Debug|Any CPU
		{BCE2A615-3CBB-4D0F-9A0F-39501BA99771}.Debug|Any CPU.Build.0 = Debug|Any CPU
		{BCE2A615-3CBB-4D0F-9A0F-39501BA99771}.Release|Any CPU.ActiveCfg = Release|Any CPU
		{BCE2A615-3CBB-4D0F-9A0F-39501BA99771}.Release|Any CPU.Build.0 = Release|Any CPU
		{5F51EAA5-A94F-45FF-8AC7-AF3559A19916}.Debug|Any CPU.ActiveCfg = Debug|Any CPU
		{5F51EAA5-A94F-45FF-8AC7-AF3559A19916}.Debug|Any CPU.Build.0 = Debug|Any CPU
		{5F51EAA5-A94F-45FF-8AC7-AF3559A19916}.Release|Any CPU.ActiveCfg = Release|Any CPU
		{5F51EAA5-A94F-45FF-8AC7-AF3559A19916}.Release|Any CPU.Build.0 = Release|Any CPU
	EndGlobalSection
	GlobalSection(SolutionProperties) = preSolution
		HideSolutionNode = FALSE
	EndGlobalSection
	GlobalSection(ExtensibilityGlobals) = postSolution
		SolutionGuid = {CE42ABE8-6235-4090-BA8B-03726185776A}
	EndGlobalSection
EndGlobal
